
Microsoft Visual Studio Solution File, Format Version 12.00
# Visual Studio Version 17
VisualStudioVersion = 17.11.35327.3
MinimumVisualStudioVersion = 10.0.40219.1
Project("{9A19103F-16F7-4668-BE54-9A1E7A4F7556}") = "iSBiblio", "iSBiblio.csproj", "{06CDED45-16EF-4C37-8827-6F217BA54D46}"
EndProject
Global
	GlobalSection(SolutionConfigurationPlatforms) = preSolution
		Debug|Any CPU = Debug|Any CPU
		Release|Any CPU = Release|Any CPU
	EndGlobalSection
	GlobalSection(ProjectConfigurationPlatforms) = postSolution
		{06CDED45-16EF-4C37-8827-6F217BA54D46}.Debug|Any CPU.ActiveCfg = Debug|Any CPU
		{06CDED45-16EF-4C37-8827-6F217BA54D46}.Debug|Any CPU.Build.0 = Debug|Any CPU
		{06CDED45-16EF-4C37-8827-6F217BA54D46}.Release|Any CPU.ActiveCfg = Release|Any CPU
		{06CDED45-16EF-4C37-8827-6F217BA54D46}.Release|Any CPU.Build.0 = Release|Any CPU
	EndGlobalSection
	GlobalSection(SolutionProperties) = preSolution
		HideSolutionNode = FALSE
	EndGlobalSection
	GlobalSection(ExtensibilityGlobals) = postSolution
		SolutionGuid = {B4ED60F2-E3BB-4EE1-A2D8-B300FE96C105}
	EndGlobalSection
EndGlobal
